
Microsoft Visual Studio Solution File, Format Version 12.00
# Visual Studio Version 16
VisualStudioVersion = 16.0.29025.244
MinimumVisualStudioVersion = 10.0.40219.1
Project("{8BC9CEB8-8B4A-11D0-8D11-00A0C91BC942}") = "week20", "week20.vcxproj", "{BB8D25E9-2C87-4704-BDD0-FE25D43C19E8}"
EndProject
Global
	GlobalSection(SolutionConfigurationPlatforms) = preSolution
		Debug|x64 = Debug|x64
		Debug|x86 = Debug|x86
		Release|x64 = Release|x64
		Release|x86 = Release|x86
	EndGlobalSection
	GlobalSection(ProjectConfigurationPlatforms) = postSolution
		{BB8D25E9-2C87-4704-BDD0-FE25D43C19E8}.Debug|x64.ActiveCfg = Debug|x64
		{BB8D25E9-2C87-4704-BDD0-FE25D43C19E8}.Debug|x64.Build.0 = Debug|x64
		{BB8D25E9-2C87-4704-BDD0-FE25D43C19E8}.Debug|x86.ActiveCfg = Debug|Win32
		{BB8D25E9-2C87-4704-BDD0-FE25D43C19E8}.Debug|x86.Build.0 = Debug|Win32
		{BB8D25E9-2C87-4704-BDD0-FE25D43C19E8}.Release|x64.ActiveCfg = Release|x64
		{BB8D25E9-2C87-4704-BDD0-FE25D43C19E8}.Release|x64.Build.0 = Release|x64
		{BB8D25E9-2C87-4704-BDD0-FE25D43C19E8}.Release|x86.ActiveCfg = Release|Win32
		{BB8D25E9-2C87-4704-BDD0-FE25D43C19E8}.Release|x86.Build.0 = Release|Win32
	EndGlobalSection
	GlobalSection(SolutionProperties) = preSolution
		HideSolutionNode = FALSE
	EndGlobalSection
	GlobalSection(ExtensibilityGlobals) = postSolution
		SolutionGuid = {8AC95FC2-BD85-464E-8009-78335405B536}
	EndGlobalSection
EndGlobal
