
Microsoft Visual Studio Solution File, Format Version 12.00
# Visual Studio Version 16
VisualStudioVersion = 16.0.29025.244
MinimumVisualStudioVersion = 10.0.40219.1
Project("{8BC9CEB8-8B4A-11D0-8D11-00A0C91BC942}") = "algorithmStudyweek8", "algorithmStudyweek8.vcxproj", "{5455AB0F-66ED-46CA-91E5-A27A76F94482}"
EndProject
Global
	GlobalSection(SolutionConfigurationPlatforms) = preSolution
		Debug|x64 = Debug|x64
		Debug|x86 = Debug|x86
		Release|x64 = Release|x64
		Release|x86 = Release|x86
	EndGlobalSection
	GlobalSection(ProjectConfigurationPlatforms) = postSolution
		{5455AB0F-66ED-46CA-91E5-A27A76F94482}.Debug|x64.ActiveCfg = Debug|x64
		{5455AB0F-66ED-46CA-91E5-A27A76F94482}.Debug|x64.Build.0 = Debug|x64
		{5455AB0F-66ED-46CA-91E5-A27A76F94482}.Debug|x86.ActiveCfg = Debug|Win32
		{5455AB0F-66ED-46CA-91E5-A27A76F94482}.Debug|x86.Build.0 = Debug|Win32
		{5455AB0F-66ED-46CA-91E5-A27A76F94482}.Release|x64.ActiveCfg = Release|x64
		{5455AB0F-66ED-46CA-91E5-A27A76F94482}.Release|x64.Build.0 = Release|x64
		{5455AB0F-66ED-46CA-91E5-A27A76F94482}.Release|x86.ActiveCfg = Release|Win32
		{5455AB0F-66ED-46CA-91E5-A27A76F94482}.Release|x86.Build.0 = Release|Win32
	EndGlobalSection
	GlobalSection(SolutionProperties) = preSolution
		HideSolutionNode = FALSE
	EndGlobalSection
	GlobalSection(ExtensibilityGlobals) = postSolution
		SolutionGuid = {173117EA-49E6-4479-8A2A-73F31AC34F91}
	EndGlobalSection
EndGlobal
